
Microsoft Visual Studio Solution File, Format Version 12.00
# Visual Studio 2012
Project("{FAE04EC0-301F-11D3-BF4B-00C04F79EFBC}") = "Peace", "Peace\Peace.csproj", "{AE3D3403-2F51-4BAA-A507-2B9C07B3B9C0}"
EndProject
Project("{FAE04EC0-301F-11D3-BF4B-00C04F79EFBC}") = "Peace.Test", "Peace.Test\Peace.Test.csproj", "{CAC7CE7B-7625-49F0-A6B5-EEF4E8D7ADB3}"
EndProject
Global
	GlobalSection(SolutionConfigurationPlatforms) = preSolution
		Debug|Any CPU = Debug|Any CPU
		Release|Any CPU = Release|Any CPU
	EndGlobalSection
	GlobalSection(ProjectConfigurationPlatforms) = postSolution
		{AE3D3403-2F51-4BAA-A507-2B9C07B3B9C0}.Debug|Any CPU.ActiveCfg = Debug|Any CPU
		{AE3D3403-2F51-4BAA-A507-2B9C07B3B9C0}.Debug|Any CPU.Build.0 = Debug|Any CPU
		{AE3D3403-2F51-4BAA-A507-2B9C07B3B9C0}.Release|Any CPU.ActiveCfg = Release|Any CPU
		{AE3D3403-2F51-4BAA-A507-2B9C07B3B9C0}.Release|Any CPU.Build.0 = Release|Any CPU
		{CAC7CE7B-7625-49F0-A6B5-EEF4E8D7ADB3}.Debug|Any CPU.ActiveCfg = Debug|Any CPU
		{CAC7CE7B-7625-49F0-A6B5-EEF4E8D7ADB3}.Debug|Any CPU.Build.0 = Debug|Any CPU
		{CAC7CE7B-7625-49F0-A6B5-EEF4E8D7ADB3}.Release|Any CPU.ActiveCfg = Release|Any CPU
		{CAC7CE7B-7625-49F0-A6B5-EEF4E8D7ADB3}.Release|Any CPU.Build.0 = Release|Any CPU
	EndGlobalSection
	GlobalSection(SolutionProperties) = preSolution
		HideSolutionNode = FALSE
	EndGlobalSection
EndGlobal
